Microsoft Visual Studio Solution File, Format Version 12.00
# Visual Studio Version 17
VisualStudioVersion = 17.0.31903.59
MinimumVisualStudioVersion = 10.0.40219.1
Project("{FAE04EC0-301F-11D3-BF4B-00C04F79EFBC}") = "AS.FBXReader", "src\\AS.FBXReader\\AS.FBXReader.csproj", "{69E24117-EE2C-4F36-9BA3-5F834BAFF7E7}"
EndProject
Global
    GlobalSection(SolutionConfigurationPlatforms) = preSolution
        Debug|Any CPU = Debug|Any CPU
        Release|Any CPU = Release|Any CPU
    EndGlobalSection
    GlobalSection(ProjectConfigurationPlatforms) = postSolution
        {69E24117-EE2C-4F36-9BA3-5F834BAFF7E7}.Debug|Any CPU.ActiveCfg = Debug|Any CPU
        {69E24117-EE2C-4F36-9BA3-5F834BAFF7E7}.Debug|Any CPU.Build.0 = Debug|Any CPU
        {69E24117-EE2C-4F36-9BA3-5F834BAFF7E7}.Release|Any CPU.ActiveCfg = Release|Any CPU
        {69E24117-EE2C-4F36-9BA3-5F834BAFF7E7}.Release|Any CPU.Build.0 = Release|Any CPU
    EndGlobalSection
EndGlobal
